
Microsoft Visual Studio Solution File, Format Version 12.00
# Visual Studio Version 16
VisualStudioVersion = 16.0.31729.503
MinimumVisualStudioVersion = 10.0.40219.1
Project("{FAE04EC0-301F-11D3-BF4B-00C04F79EFBC}") = "SingleResponsibilityUsingTrue", "SingleResponsibility\SingleResponsibilityUsingTrue.csproj", "{18706CCE-B8D7-403F-AE53-C0A44E41A32E}"
EndProject
Project("{FAE04EC0-301F-11D3-BF4B-00C04F79EFBC}") = "SingleResponsibilityUsingFalse", "SingleResponsibilityUsingFalse\SingleResponsibilityUsingFalse.csproj", "{B59772CD-A867-44F9-A28E-1CAE59B84F8B}"
EndProject
Global
	GlobalSection(SolutionConfigurationPlatforms) = preSolution
		Debug|Any CPU = Debug|Any CPU
		Release|Any CPU = Release|Any CPU
	EndGlobalSection
	GlobalSection(ProjectConfigurationPlatforms) = postSolution
		{18706CCE-B8D7-403F-AE53-C0A44E41A32E}.Debug|Any CPU.ActiveCfg = Debug|Any CPU
		{18706CCE-B8D7-403F-AE53-C0A44E41A32E}.Debug|Any CPU.Build.0 = Debug|Any CPU
		{18706CCE-B8D7-403F-AE53-C0A44E41A32E}.Release|Any CPU.ActiveCfg = Release|Any CPU
		{18706CCE-B8D7-403F-AE53-C0A44E41A32E}.Release|Any CPU.Build.0 = Release|Any CPU
		{B59772CD-A867-44F9-A28E-1CAE59B84F8B}.Debug|Any CPU.ActiveCfg = Debug|Any CPU
		{B59772CD-A867-44F9-A28E-1CAE59B84F8B}.Debug|Any CPU.Build.0 = Debug|Any CPU
		{B59772CD-A867-44F9-A28E-1CAE59B84F8B}.Release|Any CPU.ActiveCfg = Release|Any CPU
		{B59772CD-A867-44F9-A28E-1CAE59B84F8B}.Release|Any CPU.Build.0 = Release|Any CPU
	EndGlobalSection
	GlobalSection(SolutionProperties) = preSolution
		HideSolutionNode = FALSE
	EndGlobalSection
	GlobalSection(ExtensibilityGlobals) = postSolution
		SolutionGuid = {9752ACF9-D561-4014-BA04-0AF68A2DAB00}
	EndGlobalSection
EndGlobal
